
Microsoft Visual Studio Solution File, Format Version 12.00
# Visual Studio Version 17
VisualStudioVersion = 17.14.36603.0
MinimumVisualStudioVersion = 10.0.40219.1
Project("{2150E333-8FDC-42A3-9474-1A3956D46DE8}") = "Task0", "Task0", "{02EA681E-C7D8-13C7-8484-4AC65E1B71E8}"
EndProject
Project("{FAE04EC0-301F-11D3-BF4B-00C04F79EFBC}") = "Tyuiu.KonyakhinaAA.Sprint1.Task0.V11", "Tyuiu.KonyakhinaAA.Sprint1.Task0.V11\Tyuiu.KonyakhinaAA.Sprint1.Task0.V11.csproj", "{7AD9F02B-DF2B-482A-9816-4F000FF710AD}"
EndProject
Project("{FAE04EC0-301F-11D3-BF4B-00C04F79EFBC}") = "Tyuiu.KonyakhinaAA.Sprint1.Task0.V11.Lib", "Tyuiu.KonyakhinaAA.Sprint1.Task0.V11.Lib\Tyuiu.KonyakhinaAA.Sprint1.Task0.V11.Lib.csproj", "{DC8D6BC2-019D-4647-BCCA-250BDAEBB3B6}"
EndProject
Project("{FAE04EC0-301F-11D3-BF4B-00C04F79EFBC}") = "Tyuiu.KonyakhinaAA.Sprint1.Task0.V11.Test", "Tyuiu.KonyakhinaAA.Sprint1.Task0.V11.Test\Tyuiu.KonyakhinaAA.Sprint1.Task0.V11.Test.csproj", "{98FF5A4F-9200-404B-BA5E-BF0F95A527F9}"
EndProject
Global
	GlobalSection(SolutionConfigurationPlatforms) = preSolution
		Debug|Any CPU = Debug|Any CPU
		Release|Any CPU = Release|Any CPU
	EndGlobalSection
	GlobalSection(ProjectConfigurationPlatforms) = postSolution
		{7AD9F02B-DF2B-482A-9816-4F000FF710AD}.Debug|Any CPU.ActiveCfg = Debug|Any CPU
		{7AD9F02B-DF2B-482A-9816-4F000FF710AD}.Debug|Any CPU.Build.0 = Debug|Any CPU
		{7AD9F02B-DF2B-482A-9816-4F000FF710AD}.Release|Any CPU.ActiveCfg = Release|Any CPU
		{7AD9F02B-DF2B-482A-9816-4F000FF710AD}.Release|Any CPU.Build.0 = Release|Any CPU
		{DC8D6BC2-019D-4647-BCCA-250BDAEBB3B6}.Debug|Any CPU.ActiveCfg = Debug|Any CPU
		{DC8D6BC2-019D-4647-BCCA-250BDAEBB3B6}.Debug|Any CPU.Build.0 = Debug|Any CPU
		{DC8D6BC2-019D-4647-BCCA-250BDAEBB3B6}.Release|Any CPU.ActiveCfg = Release|Any CPU
		{DC8D6BC2-019D-4647-BCCA-250BDAEBB3B6}.Release|Any CPU.Build.0 = Release|Any CPU
		{98FF5A4F-9200-404B-BA5E-BF0F95A527F9}.Debug|Any CPU.ActiveCfg = Debug|Any CPU
		{98FF5A4F-9200-404B-BA5E-BF0F95A527F9}.Debug|Any CPU.Build.0 = Debug|Any CPU
		{98FF5A4F-9200-404B-BA5E-BF0F95A527F9}.Release|Any CPU.ActiveCfg = Release|Any CPU
		{98FF5A4F-9200-404B-BA5E-BF0F95A527F9}.Release|Any CPU.Build.0 = Release|Any CPU
	EndGlobalSection
	GlobalSection(SolutionProperties) = preSolution
		HideSolutionNode = FALSE
	EndGlobalSection
	GlobalSection(NestedProjects) = preSolution
		{7AD9F02B-DF2B-482A-9816-4F000FF710AD} = {02EA681E-C7D8-13C7-8484-4AC65E1B71E8}
		{DC8D6BC2-019D-4647-BCCA-250BDAEBB3B6} = {02EA681E-C7D8-13C7-8484-4AC65E1B71E8}
		{98FF5A4F-9200-404B-BA5E-BF0F95A527F9} = {02EA681E-C7D8-13C7-8484-4AC65E1B71E8}
	EndGlobalSection
	GlobalSection(ExtensibilityGlobals) = postSolution
		SolutionGuid = {D334C207-0366-440A-B91B-DBFABCE54666}
	EndGlobalSection
EndGlobal
